
Microsoft Visual Studio Solution File, Format Version 12.00
# Visual Studio Version 17
VisualStudioVersion = 17.11.35327.3
MinimumVisualStudioVersion = 10.0.40219.1
Project("{888888A0-9F3D-457C-B088-3A5042F75D52}") = "BT2_Nhom_06", "BT2_Nhom_06.pyproj", "{64332880-6973-47D7-8E3B-FCCAAC871BC4}"
EndProject
Global
	GlobalSection(SolutionConfigurationPlatforms) = preSolution
		Debug|Any CPU = Debug|Any CPU
		Release|Any CPU = Release|Any CPU
	EndGlobalSection
	GlobalSection(ProjectConfigurationPlatforms) = postSolution
		{64332880-6973-47D7-8E3B-FCCAAC871BC4}.Debug|Any CPU.ActiveCfg = Debug|Any CPU
		{64332880-6973-47D7-8E3B-FCCAAC871BC4}.Release|Any CPU.ActiveCfg = Release|Any CPU
	EndGlobalSection
	GlobalSection(SolutionProperties) = preSolution
		HideSolutionNode = FALSE
	EndGlobalSection
	GlobalSection(ExtensibilityGlobals) = postSolution
		SolutionGuid = {4F4DA77B-E1C8-42D3-9AB4-5E3E659632E2}
	EndGlobalSection
EndGlobal
